# This file is autogenerated, do not edit; changes may be undone by the next 'dep ensure'.


[[projects]]
  digest = "1:975b8fd9f8bf97cfdbc6a6af823172e4315b8e0b1d99f7651472f4fe9ff61cbe"
  name = "github.com/PuerkitoBio/purell"
  packages = ["."]
  pruneopts = "NT"
  revision = "8a290539e2e8629dbc4e6bad948158f790ec31f4"

[[projects]]
  digest = "1:8098cd40cd09879efbf12e33bcd51ead4a66006ac802cd563a66c4f3373b9727"
  name = "github.com/PuerkitoBio/urlesc"
  packages = ["."]
  pruneopts = "NT"
  revision = "5bd2802263f21d8788851d5305584c82a5c75d7e"

[[projects]]
  digest = "1:07918ac16957399fa68bf94b3ab26dccccc6992f1ccbcf589896734569a0a7e7"
  name = "github.com/beorn7/perks"
  packages = ["quantile"]
  pruneopts = "NT"
  revision = "3ac7bf7a47d159a033b107610db8a1b6575507a4"

[[projects]]
  digest = "1:a41cd9293089fc60667c133018b0706221cd3d19781ea4c25c2ceac52a4ba6ef"
  name = "github.com/davecgh/go-spew"
  packages = ["spew"]
  pruneopts = "NT"
  revision = "782f4967f2dc4564575ca782fe2d04090b5faca8"

[[projects]]
  digest = "1:543168e3a2d6d562e7eff984eeb03cbd4b0e58efe52697da2b58b3e21c69a9be"
  name = "github.com/emicklei/go-restful"
  packages = [
    ".",
    "log",
  ]
  pruneopts = "NT"
  revision = "ff4f55a206334ef123e4f79bbf348980da81ca46"

[[projects]]
  digest = "1:abfe129dc92b16fbf0cc9d6336096a2823151756f62072a700eb10754141b38e"
  name = "github.com/ghodss/yaml"
  packages = ["."]
  pruneopts = "NT"
  revision = "73d445a93680fa1a78ae23a5839bad48f32ba1ee"

[[projects]]
  digest = "1:17c0ee483de67e74ef55a3ba677b40e9407a6f6a3f722ebe1f527bc6f3f96165"
  name = "github.com/go-chi/chi"
  packages = [
    ".",
    "middleware",
  ]
  pruneopts = "NT"
  revision = "b5294d10673813fac8558e7f47242bc9e61b4c25"
  version = "v3.3.3"

[[projects]]
  digest = "1:e90c60f901104f83cdcad5961d752541a0cd6a0bd996d7fd920bfe8f8c39f241"
  name = "github.com/go-openapi/jsonpointer"
  packages = ["."]
  pruneopts = "NT"
  revision = "46af16f9f7b149af66e5d1bd010e3574dc06de98"

[[projects]]
  digest = "1:98abd61947ff5c7c6fcfec5473d02a4821ed3a2dd99a4fbfdb7925b0dd745546"
  name = "github.com/go-openapi/jsonreference"
  packages = ["."]
  pruneopts = "NT"
  revision = "13c6e3589ad90f49bd3e3bbe2c2cb3d7a4142272"

[[projects]]
  digest = "1:5915a91a5943a55e0c1cf1df04f6c22c6a942cd2792efe38c844f97b89aa40d8"
  name = "github.com/go-openapi/spec"
  packages = ["."]
  pruneopts = "NT"
  revision = "1de3e0542de65ad8d75452a595886fdd0befb363"

[[projects]]
  digest = "1:f79fc470a7d6df93d53ca2a431b6df84534ba5ccab4e451b008358655ec37b28"
  name = "github.com/go-openapi/swag"
  packages = ["."]
  pruneopts = "NT"
  revision = "f3f9494671f93fcff853e3c6e9e948b3eb71e590"

[[projects]]
  digest = "1:c60be76245d5a8df1ad3a15f602a876c2155f70c877a5227b947de05521d6472"
  name = "github.com/gogo/protobuf"
  packages = [
    "proto",
    "sortkeys",
  ]
  pruneopts = "NT"
  revision = "c0656edd0d9eab7c66d1eb0c568f9039345796f7"

[[projects]]
  digest = "1:78b8040ece2ff622580def2708b9eb0b2857711b6744c475439bf337e9c677ea"
  name = "github.com/golang/glog"
  packages = ["."]
  pruneopts = "NT"
  revision = "44145f04b68cf362d9c4df2182967c2275eaefed"

[[projects]]
  digest = "1:cf890e9d837a2576c1a062816529fa143941405c04b1f89ddd9bea8e5c5a1eac"
  name = "github.com/golang/protobuf"
  packages = [
    "proto",
    "ptypes",
    "ptypes/any",
    "ptypes/duration",
    "ptypes/timestamp",
  ]
  pruneopts = "NT"
  revision = "b4deda0973fb4c70b50d226b1af49f3da59f5265"

[[projects]]
  digest = "1:a27662d4ea9bea722743550d9e6a686e36b74d7583b23009777ce3f63f3dba02"
  name = "github.com/google/btree"
  packages = ["."]
  pruneopts = "NT"
  revision = "7d79101e329e5a3adf994758c578dab82b90c017"

[[projects]]
  digest = "1:f9425215dccf1c63f659ec781ca46bc81804341821d0cd8d2459c5b58f8bd067"
  name = "github.com/google/gofuzz"
  packages = ["."]
  pruneopts = "NT"
  revision = "44d81051d367757e1c7c6a5a86423ece9afcf63c"

[[projects]]
  digest = "1:37df3f5933b09fea011a96af6f247d08cbe855e53d3f0fdad96c16ac1645048c"
  name = "github.com/googleapis/gnostic"
  packages = [
    "OpenAPIv2",
    "compiler",
    "extensions",
  ]
  pruneopts = "NT"
  revision = "0c5108395e2debce0d731cf0287ddf7242066aba"

[[projects]]
  digest = "1:26a2c21b04d16da8d08c72f6b46bb0e17665ff624c396965353160828d1283fc"
  name = "github.com/gregjones/httpcache"
  packages = [
    ".",
    "diskcache",
  ]
  pruneopts = "NT"
  revision = "787624de3eb7bd915c329cba748687a3b22666a6"

[[projects]]
  digest = "1:3f2853091a9e2f889797d69385c873920bd56d86e1ef3f2470f95e85f7fb4b9e"
  name = "github.com/json-iterator/go"
  packages = ["."]
  pruneopts = "NT"
  revision = "f2b4162afba35581b6d4a50d3b8f34e33c144682"

[[projects]]
  digest = "1:5902f0a10928e4504b3bef678a6383261f9a508f7d7007e43f09631d1f915d8a"
  name = "github.com/mailru/easyjson"
  packages = [
    "buffer",
    "jlexer",
    "jwriter",
  ]
  pruneopts = "NT"
  revision = "2f5df55504ebc322e4d52d34df6a1f5b503bf26d"

[[projects]]
  digest = "1:ea1db000388d88b31db7531c83016bef0d6db0d908a07794bfc36aca16fbf935"
  name = "github.com/matttproud/golang_protobuf_extensions"
  packages = ["pbutil"]
  pruneopts = "NT"
  revision = "c12348ce28de40eed0136aa2b644d0ee0650e56c"

[[projects]]
  digest = "1:2f42fa12d6911c7b7659738758631bec870b7e9b4c6be5444f963cdcfccc191f"
  name = "github.com/modern-go/concurrent"
  packages = ["."]
  pruneopts = "NT"
  revision = "bacd9c7ef1dd9b15be4a9909b8ac7a4e313eec94"

[[projects]]
  digest = "1:4c304933740413f2f22117bdaaa38e8827e38db27af4f100450279fdc4e99b8f"
  name = "github.com/modern-go/reflect2"
  packages = ["."]
  pruneopts = "NT"
  revision = "05fbef0ca5da472bbf96c9322b84a53edc03c9fd"

[[projects]]
  branch = "master"
  digest = "1:bf2ac97824a7221eb16b096aecc1c390d4c8a4e49524386aaa2e2dd215cbfb31"
  name = "github.com/petar/GoLLRB"
  packages = ["llrb"]
  pruneopts = "NT"
  revision = "53be0d36a84c2a886ca057d34b6aa4468df9ccb4"

[[projects]]
  digest = "1:e4e9e026b8e4c5630205cd0208efb491b40ad40552e57f7a646bb8a46896077b"
  name = "github.com/peterbourgon/diskv"
  packages = ["."]
  pruneopts = "NT"
  revision = "5f041e8faa004a95c88a202771f4cc3e991971e6"

[[projects]]
  digest = "1:5cf3f025cbee5951a4ee961de067c8a89fc95a5adabead774f82822efabab121"
  name = "github.com/pkg/errors"
  packages = ["."]
  pruneopts = "NT"
  revision = "645ef00459ed84a119197bfb8d8205042c6df63d"

[[projects]]
  digest = "1:337b883dbc27fec907fd6fd78999ce40cd9d7620bb56de61a8d072e1a3b792b6"
  name = "github.com/prometheus/client_golang"
  packages = [
    "prometheus",
    "prometheus/promhttp",
  ]
  pruneopts = "NT"
  revision = "e7e903064f5e9eb5da98208bae10b475d4db0f8c"

[[projects]]
  digest = "1:aa2e80b1924a2ec0273e5a0e48803bc918a5c16f05bd095e90dfe2bf2330a0ae"
  name = "github.com/prometheus/client_model"
  packages = ["go"]
  pruneopts = "NT"
  revision = "fa8ad6fec33561be4280a8f0514318c79d7f6cb6"

[[projects]]
  digest = "1:20c13b248ffc2dc28e668d6c9a36b9de7ad00702c07fd2c3290b95c0dc45010d"
  name = "github.com/prometheus/common"
  packages = [
    "expfmt",
    "internal/bitbucket.org/ww/goautoneg",
    "model",
  ]
  pruneopts = "NT"
  revision = "13ba4ddd0caa9c28ca7b7bffe1dfa9ed8d5ef207"

[[projects]]
  digest = "1:039ec3bf03c655d8421d56de7f89463f8996fe6fca3b951024c0d0a0fb808635"
  name = "github.com/prometheus/procfs"
  packages = [
    ".",
    "xfs",
  ]
  pruneopts = "NT"
  revision = "65c1f6f8f0fc1e2185eb9863a3bc751496404259"

[[projects]]
  digest = "1:15e5c398fbd9d2c439b635a08ac161b13d04f0c2aa587fe256b65dc0c3efe8b7"
  name = "github.com/spf13/pflag"
  packages = ["."]
  pruneopts = "NT"
  revision = "583c0c0531f06d5278b7d917446061adc344b5cd"

[[projects]]
  digest = "1:22f696cee54865fb8e9ff91df7b633f6b8f22037a8015253c6b6a71ca82219c7"
  name = "go.uber.org/atomic"
  packages = ["."]
  pruneopts = "NT"
  revision = "1ea20fb1cbb1cc08cbd0d913a96dead89aa18289"
  version = "v1.3.2"

[[projects]]
  digest = "1:58ca93bdf81bac106ded02226b5395a0595d5346cdc4caa8d9c1f3a5f8f9976e"
  name = "go.uber.org/multierr"
  packages = ["."]
  pruneopts = "NT"
  revision = "3c4937480c32f4c13a875a1829af76c98ca3d40a"
  version = "v1.1.0"

[[projects]]
  digest = "1:572fa4496563920f3e3107a2294cf2621d6cc4ffd03403fb6397b1bab9fa082a"
  name = "go.uber.org/zap"
  packages = [
    ".",
    "buffer",
    "internal/bufferpool",
    "internal/color",
    "internal/exit",
    "zapcore",
  ]
  pruneopts = "NT"
  revision = "ff33455a0e382e8a81d14dd7c922020b6b5e7982"
  version = "v1.9.1"

[[projects]]
  digest = "1:b8a780002f2309acd91eae62d81f012d79842f224d29ad091e4da231b6114946"
  name = "golang.org/x/crypto"
  packages = ["ssh/terminal"]
  pruneopts = "NT"
  revision = "de0752318171da717af4ce24d0a2e8626afaeb11"

[[projects]]
  digest = "1:ab80fab50fceccaa6c4690294e788c2555ba00c17f752fa95c8c7bb96ea74eb5"
  name = "golang.org/x/net"
  packages = [
    "context",
    "http2",
    "http2/hpack",
    "idna",
    "lex/httplex",
  ]
  pruneopts = "NT"
  revision = "1c05540f6879653db88113bc4a2b70aec4bd491f"

[[projects]]
  digest = "1:a20bc27d43e75b5e906cfe5386514b0cc8bb1acf52f6df6ee3b101bdc86f2fb9"
  name = "golang.org/x/oauth2"
  packages = [
    ".",
    "internal",
  ]
  pruneopts = "NT"
  revision = "a6bd8cefa1811bd24b86f8902872e4e8225f74c4"

[[projects]]
  digest = "1:ce6a73b027f51fce912f735ab956d6ebc713ab6295c1e70097e6bb1d41005104"
  name = "golang.org/x/sys"
  packages = [
    "unix",
    "windows",
  ]
  pruneopts = "NT"
  revision = "95c6576299259db960f6c5b9b69ea52422860fce"

[[projects]]
  digest = "1:18c69a584a39c96294d4bb952b35b0ed6fe4b4dc6d576dd4d1dc005fa207dc39"
  name = "golang.org/x/text"
  packages = [
    "cases",
    "internal",
    "internal/gen",
    "internal/tag",
    "internal/triegen",
    "internal/ucd",
    "language",
    "runes",
    "secure/bidirule",
    "secure/precis",
    "transform",
    "unicode/bidi",
    "unicode/cldr",
    "unicode/norm",
    "unicode/rangetable",
    "width",
  ]
  pruneopts = "NT"
  revision = "b19bf474d317b857955b12035d2c5acb57ce8b01"

[[projects]]
  digest = "1:d37b0ef2944431fe9e8ef35c6fffc8990d9e2ca300588df94a6890f3649ae365"
  name = "golang.org/x/time"
  packages = ["rate"]
  pruneopts = "NT"
  revision = "f51c12702a4d776e4c1fa9b0fabab841babae631"

[[projects]]
  digest = "1:3107bba2a46d87c802c35cba954c954a45f13e57ce09b7efe94197d4d624807b"
  name = "golang.org/x/tools"
  packages = [
    "go/ast/astutil",
    "imports",
  ]
  pruneopts = "NT"
  revision = "2382e3994d48b1d22acc2c86bcad0a2aff028e32"

[[projects]]
  digest = "1:6d2c8b10bf6af7ef1074b6fbeaee59a2efdc42b6629b0ec767c3723efdcc3c7a"
  name = "google.golang.org/appengine"
  packages = [
    "internal",
    "internal/base",
    "internal/datastore",
    "internal/log",
    "internal/remote_api",
    "internal/urlfetch",
    "urlfetch",
  ]
  pruneopts = "NT"
  revision = "ae0ab99deb4dc413a2b4bd6c8bdd0eb67f1e4d06"
  version = "v1.2.0"

[[projects]]
  digest = "1:ef72505cf098abdd34efeea032103377bec06abb61d8a06f002d5d296a4b1185"
  name = "gopkg.in/inf.v0"
  packages = ["."]
  pruneopts = "NT"
  revision = "3887ee99ecf07df5b447e9b00d9c0b2adaa9f3e4"

[[projects]]
  digest = "1:b1f13c74112ab237c8b840517fbbcfb98d3690073caad6c5b1a56c29fea086e3"
  name = "gopkg.in/yaml.v2"
  packages = ["."]
  pruneopts = "NT"
  revision = "670d4cfef0544295bc27a114dbac37980d83185a"

[[projects]]
  branch = "release-1.12"
  digest = "1:b3f8152a68d73095a40fdcf329a93fc42e8eadb3305171df23fdb6b4e41a6417"
  name = "k8s.io/api"
  packages = [
    "admissionregistration/v1alpha1",
    "admissionregistration/v1beta1",
    "apps/v1",
    "apps/v1beta1",
    "apps/v1beta2",
    "authentication/v1",
    "authentication/v1beta1",
    "authorization/v1",
    "authorization/v1beta1",
    "autoscaling/v1",
    "autoscaling/v2beta1",
    "autoscaling/v2beta2",
    "batch/v1",
    "batch/v1beta1",
    "batch/v2alpha1",
    "certificates/v1beta1",
    "coordination/v1beta1",
    "core/v1",
    "events/v1beta1",
    "extensions/v1beta1",
    "networking/v1",
    "policy/v1beta1",
    "rbac/v1",
    "rbac/v1alpha1",
    "rbac/v1beta1",
    "scheduling/v1alpha1",
    "scheduling/v1beta1",
    "settings/v1alpha1",
    "storage/v1",
    "storage/v1alpha1",
    "storage/v1beta1",
  ]
  pruneopts = "NT"
  revision = "475331a8afff5587f47d0470a93f79c60c573c03"

[[projects]]
  branch = "release-1.12"
  digest = "1:5f7db3ef75b89faac3336183190d729b63227abd547c60abd83e6180d072791a"
  name = "k8s.io/apimachinery"
  packages = [
    "pkg/api/errors",
    "pkg/api/meta",
    "pkg/api/resource",
    "pkg/apis/meta/v1",
    "pkg/apis/meta/v1/unstructured",
    "pkg/apis/meta/v1beta1",
    "pkg/conversion",
    "pkg/conversion/queryparams",
    "pkg/fields",
    "pkg/labels",
    "pkg/runtime",
    "pkg/runtime/schema",
    "pkg/runtime/serializer",
    "pkg/runtime/serializer/json",
    "pkg/runtime/serializer/protobuf",
    "pkg/runtime/serializer/recognizer",
    "pkg/runtime/serializer/streaming",
    "pkg/runtime/serializer/versioning",
    "pkg/selection",
    "pkg/types",
    "pkg/util/clock",
    "pkg/util/errors",
    "pkg/util/framer",
    "pkg/util/intstr",
    "pkg/util/json",
    "pkg/util/naming",
    "pkg/util/net",
    "pkg/util/rand",
    "pkg/util/runtime",
    "pkg/util/sets",
    "pkg/util/validation",
    "pkg/util/validation/field",
    "pkg/util/yaml",
    "pkg/version",
    "pkg/watch",
    "third_party/forked/golang/reflect",
  ]
  pruneopts = "NT"
  revision = "6dd46049f39503a1fc8d65de4bd566829e95faff"

[[projects]]
  branch = "release-9.0"
  digest = "1:4fa0fefcfa051864750b9cb0a374e4818303404d010968f5d163aa3501911047"
  name = "k8s.io/client-go"
  packages = [
    "discovery",
    "kubernetes",
    "kubernetes/scheme",
    "kubernetes/typed/admissionregistration/v1alpha1",
    "kubernetes/typed/admissionregistration/v1beta1",
    "kubernetes/typed/apps/v1",
    "kubernetes/typed/apps/v1beta1",
    "kubernetes/typed/apps/v1beta2",
    "kubernetes/typed/authentication/v1",
    "kubernetes/typed/authentication/v1beta1",
    "kubernetes/typed/authorization/v1",
    "kubernetes/typed/authorization/v1beta1",
    "kubernetes/typed/autoscaling/v1",
    "kubernetes/typed/autoscaling/v2beta1",
    "kubernetes/typed/autoscaling/v2beta2",
    "kubernetes/typed/batch/v1",
    "kubernetes/typed/batch/v1beta1",
    "kubernetes/typed/batch/v2alpha1",
    "kubernetes/typed/certificates/v1beta1",
    "kubernetes/typed/coordination/v1beta1",
    "kubernetes/typed/core/v1",
    "kubernetes/typed/events/v1beta1",
    "kubernetes/typed/extensions/v1beta1",
    "kubernetes/typed/networking/v1",
    "kubernetes/typed/policy/v1beta1",
    "kubernetes/typed/rbac/v1",
    "kubernetes/typed/rbac/v1alpha1",
    "kubernetes/typed/rbac/v1beta1",
    "kubernetes/typed/scheduling/v1alpha1",
    "kubernetes/typed/scheduling/v1beta1",
    "kubernetes/typed/settings/v1alpha1",
    "kubernetes/typed/storage/v1",
    "kubernetes/typed/storage/v1alpha1",
    "kubernetes/typed/storage/v1beta1",
    "pkg/apis/clientauthentication",
    "pkg/apis/clientauthentication/v1alpha1",
    "pkg/apis/clientauthentication/v1beta1",
    "pkg/version",
    "plugin/pkg/client/auth/exec",
    "rest",
    "rest/watch",
    "tools/clientcmd/api",
    "tools/metrics",
    "tools/reference",
    "transport",
    "util/cert",
    "util/connrotation",
    "util/flowcontrol",
    "util/integer",
  ]
  pruneopts = "NT"
  revision = "3e32c8333043fc2c058455f4d32986a89d31b05b"

[[projects]]
  branch = "release-1.12"
  digest = "1:e9a47f364c69b8eb1c8a0a542bd5ecf9f8a336f9ae7568987752065fda544b85"
  name = "k8s.io/code-generator"
  packages = [
    "cmd/client-gen",
    "cmd/client-gen/args",
    "cmd/client-gen/generators",
    "cmd/client-gen/generators/fake",
    "cmd/client-gen/generators/scheme",
    "cmd/client-gen/generators/util",
    "cmd/client-gen/path",
    "cmd/client-gen/types",
    "cmd/conversion-gen",
    "cmd/conversion-gen/args",
    "cmd/conversion-gen/generators",
    "cmd/deepcopy-gen",
    "cmd/deepcopy-gen/args",
    "cmd/defaulter-gen",
    "cmd/defaulter-gen/args",
    "cmd/informer-gen",
    "cmd/informer-gen/args",
    "cmd/informer-gen/generators",
    "cmd/lister-gen",
    "cmd/lister-gen/args",
    "cmd/lister-gen/generators",
    "cmd/openapi-gen",
    "cmd/openapi-gen/args",
    "pkg/util",
  ]
  pruneopts = "NT"
  revision = "3dcf91f64f638563e5106f21f50c31fa361c918d"

[[projects]]
  digest = "1:2701cf2b017bde402587b0e38ed3d2193e058a42eb49cd03a0f72480f8a67096"
  name = "k8s.io/gengo"
  packages = [
    "args",
    "examples/deepcopy-gen/generators",
    "examples/defaulter-gen/generators",
    "examples/set-gen/sets",
    "generator",
    "namer",
    "parser",
    "types",
  ]
  pruneopts = "NT"
  revision = "fdcf9f9480fdd5bf2b3c3df9bf4ecd22b25b87e2"

[[projects]]
  digest = "1:c48a795cd7048bb1888273bc604b6e69b22f9b8089c3df65f77cc527757b515c"
  name = "k8s.io/kube-openapi"
  packages = [
    "cmd/openapi-gen/args",
    "pkg/common",
    "pkg/generators",
    "pkg/generators/rules",
    "pkg/util/sets",
  ]
  pruneopts = "NT"
  revision = "0cf8f7e6ed1d2e3d47d02e3b6e559369af24d803"

[solve-meta]
  analyzer-name = "dep"
  analyzer-version = 1
  input-imports = [
    "github.com/davecgh/go-spew/spew",
    "github.com/go-chi/chi",
    "github.com/go-chi/chi/middleware",
    "github.com/pkg/errors",
    "github.com/prometheus/client_golang/prometheus",
    "github.com/prometheus/client_golang/prometheus/promhttp",
    "go.uber.org/zap",
    "go.uber.org/zap/zapcore",
    "k8s.io/api/core/v1",
    "k8s.io/apimachinery/pkg/api/resource",
    "k8s.io/apimachinery/pkg/apis/meta/v1",
    "k8s.io/apimachinery/pkg/runtime",
    "k8s.io/apimachinery/pkg/runtime/schema",
    "k8s.io/apimachinery/pkg/util/rand",
    "k8s.io/client-go/kubernetes",
    "k8s.io/code-generator/cmd/client-gen",
    "k8s.io/code-generator/cmd/conversion-gen",
    "k8s.io/code-generator/cmd/deepcopy-gen",
    "k8s.io/code-generator/cmd/defaulter-gen",
    "k8s.io/code-generator/cmd/informer-gen",
    "k8s.io/code-generator/cmd/lister-gen",
    "k8s.io/code-generator/cmd/openapi-gen",
    "k8s.io/gengo/args",
  ]
  solver-name = "gps-cdcl"
  solver-version = 1
